
Microsoft Visual Studio Solution File, Format Version 12.00
# Visual Studio 15
VisualStudioVersion = 15.0.28010.2003
MinimumVisualStudioVersion = 10.0.40219.1
Project("{FAE04EC0-301F-11D3-BF4B-00C04F79EFBC}") = "EPM.DAL", "EPM.DAL\EPM.DAL.csproj", "{60E9413D-CB73-4129-8300-A9B47A8D6FE5}"
EndProject
Project("{FAE04EC0-301F-11D3-BF4B-00C04F79EFBC}") = "EPM.WebAPI", "EPM.WebAPI\EPM.WebAPI.csproj", "{86F5F676-4997-42FD-A748-459FEF72FE4C}"
EndProject
Project("{FAE04EC0-301F-11D3-BF4B-00C04F79EFBC}") = "EPM.BLL", "EPM.BLL\EPM.BLL.csproj", "{3F42CDCB-1FE3-4290-B873-1C064BCA5A68}"
EndProject
Global
	GlobalSection(SolutionConfigurationPlatforms) = preSolution
		Debug|Any CPU = Debug|Any CPU
		Release|Any CPU = Release|Any CPU
	EndGlobalSection
	GlobalSection(ProjectConfigurationPlatforms) = postSolution
		{60E9413D-CB73-4129-8300-A9B47A8D6FE5}.Debug|Any CPU.ActiveCfg = Debug|Any CPU
		{60E9413D-CB73-4129-8300-A9B47A8D6FE5}.Debug|Any CPU.Build.0 = Debug|Any CPU
		{60E9413D-CB73-4129-8300-A9B47A8D6FE5}.Release|Any CPU.ActiveCfg = Release|Any CPU
		{60E9413D-CB73-4129-8300-A9B47A8D6FE5}.Release|Any CPU.Build.0 = Release|Any CPU
		{86F5F676-4997-42FD-A748-459FEF72FE4C}.Debug|Any CPU.ActiveCfg = Debug|Any CPU
		{86F5F676-4997-42FD-A748-459FEF72FE4C}.Debug|Any CPU.Build.0 = Debug|Any CPU
		{86F5F676-4997-42FD-A748-459FEF72FE4C}.Release|Any CPU.ActiveCfg = Release|Any CPU
		{86F5F676-4997-42FD-A748-459FEF72FE4C}.Release|Any CPU.Build.0 = Release|Any CPU
		{3F42CDCB-1FE3-4290-B873-1C064BCA5A68}.Debug|Any CPU.ActiveCfg = Debug|Any CPU
		{3F42CDCB-1FE3-4290-B873-1C064BCA5A68}.Debug|Any CPU.Build.0 = Debug|Any CPU
		{3F42CDCB-1FE3-4290-B873-1C064BCA5A68}.Release|Any CPU.ActiveCfg = Release|Any CPU
		{3F42CDCB-1FE3-4290-B873-1C064BCA5A68}.Release|Any CPU.Build.0 = Release|Any CPU
	EndGlobalSection
	GlobalSection(SolutionProperties) = preSolution
		HideSolutionNode = FALSE
	EndGlobalSection
	GlobalSection(ExtensibilityGlobals) = postSolution
		SolutionGuid = {0058571B-2724-4826-BFC0-FEA41DEE3579}
	EndGlobalSection
EndGlobal
